// !$*UTF8*$!
{
	archiveVersion = 1;
	classes = {
	};
	objectVersion = 46;
	objects = {

/* Begin PBXBuildFile section */
		04E6DBC21936D10D0084FD20 /* Foundation.framework in Frameworks */ = {isa = PBXBuildFile; fileRef = 04E6DBC11936D10D0084FD20 /* Foundation.framework */; };
		04E6DBC41936D10D0084FD20 /* CoreGraphics.framework in Frameworks */ = {isa = PBXBuildFile; fileRef = 04E6DBC31936D10D0084FD20 /* CoreGraphics.framework */; };
		04E6DBC61936D10D0084FD20 /* UIKit.framework in Frameworks */ = {isa = PBXBuildFile; fileRef = 04E6DBC51936D10D0084FD20 /* UIKit.framework */; };
		04E6DBCC1936D10D0084FD20 /* InfoPlist.strings in Resources */ = {isa = PBXBuildFile; fileRef = 04E6DBCA1936D10D0084FD20 /* InfoPlist.strings */; };
		04E6DBCE1936D10D0084FD20 /* main.m in Sources */ = {isa = PBXBuildFile; fileRef = 04E6DBCD1936D10D0084FD20 /* main.m */; };
		04E6DBD21936D10D0084FD20 /* RDAppDelegate.m in Sources */ = {isa = PBXBuildFile; fileRef = 04E6DBD11936D10D0084FD20 /* RDAppDelegate.m */; };
		04E6DBD51936D10E0084FD20 /* Main.storyboard in Resources */ = {isa = PBXBuildFile; fileRef = 04E6DBD31936D10E0084FD20 /* Main.storyboard */; };
		04E6DBD81936D10E0084FD20 /* RDAddPropertiesViewController.m in Sources */ = {isa = PBXBuildFile; fileRef = 04E6DBD71936D10E0084FD20 /* RDAddPropertiesViewController.m */; };
		04E6DBDB1936D10E0084FD20 /* RDSwizzlingViewController.m in Sources */ = {isa = PBXBuildFile; fileRef = 04E6DBDA1936D10E0084FD20 /* RDSwizzlingViewController.m */; };
		04E6DBDD1936D10E0084FD20 /* Images.xcassets in Resources */ = {isa = PBXBuildFile; fileRef = 04E6DBDC1936D10E0084FD20 /* Images.xcassets */; };
		04E6DC011936FBF60084FD20 /* UIViewController+RuntimeDemo.m in Sources */ = {isa = PBXBuildFile; fileRef = 04E6DC001936FBF60084FD20 /* UIViewController+RuntimeDemo.m */; };
/* End PBXBuildFile section */

/* Begin PBXFileReference section */
		04E6DBBE1936D10D0084FD20 /* RuntimeDemo.app */ = {isa = PBXFileReference; explicitFileType = wrapper.application; includeInIndex = 0; path = RuntimeDemo.app; sourceTree = BUILT_PRODUCTS_DIR; };
		04E6DBC11936D10D0084FD20 /* Foundation.framework */ = {isa = PBXFileReference; lastKnownFileType = wrapper.framework; name = Foundation.framework; path = System/Library/Frameworks/Foundation.framework; sourceTree = SDKROOT; };
		04E6DBC31936D10D0084FD20 /* CoreGraphics.framework */ = {isa = PBXFileReference; lastKnownFileType = wrapper.framework; name = CoreGraphics.framework; path = System/Library/Frameworks/CoreGraphics.framework; sourceTree = SDKROOT; };
		04E6DBC51936D10D0084FD20 /* UIKit.framework */ = {isa = PBXFileReference; lastKnownFileType = wrapper.framework; name = UIKit.framework; path = System/Library/Frameworks/UIKit.framework; sourceTree = SDKROOT; };
		04E6DBC91936D10D0084FD20 /* RuntimeDemo-Info.plist */ = {isa = PBXFileReference; lastKnownFileType = text.plist.xml; path = "RuntimeDemo-Info.plist"; sourceTree = "<group>"; };
		04E6DBCB1936D10D0084FD20 /* en */ = {isa = PBXFileReference; lastKnownFileType = text.plist.strings; name = en; path = en.lproj/InfoPlist.strings; sourceTree = "<group>"; };
		04E6DBCD1936D10D0084FD20 /* main.m */ = {isa = PBXFileReference; lastKnownFileType = sourcecode.c.objc; path = main.m; sourceTree = "<group>"; };
		04E6DBCF1936D10D0084FD20 /* RuntimeDemo-Prefix.pch */ = {isa = PBXFileReference; lastKnownFileType = sourcecode.c.h; path = "RuntimeDemo-Prefix.pch"; sourceTree = "<group>"; };
		04E6DBD01936D10D0084FD20 /* RDAppDelegate.h */ = {isa = PBXFileReference; lastKnownFileType = sourcecode.c.h; path = RDAppDelegate.h; sourceTree = "<group>"; };
		04E6DBD11936D10D0084FD20 /* RDAppDelegate.m */ = {isa = PBXFileReference; lastKnownFileType = sourcecode.c.objc; path = RDAppDelegate.m; sourceTree = "<group>"; };
		04E6DBD41936D10E0084FD20 /* Base */ = {isa = PBXFileReference; lastKnownFileType = file.storyboard; name = Base; path = Base.lproj/Main.storyboard; sourceTree = "<group>"; };
		04E6DBD61936D10E0084FD20 /* RDAddPropertiesViewController.h */ = {isa = PBXFileReference; lastKnownFileType = sourcecode.c.h; path = RDAddPropertiesViewController.h; sourceTree = "<group>"; };
		04E6DBD71936D10E0084FD20 /* RDAddPropertiesViewController.m */ = {isa = PBXFileReference; lastKnownFileType = sourcecode.c.objc; path = RDAddPropertiesViewController.m; sourceTree = "<group>"; };
		04E6DBD91936D10E0084FD20 /* RDSwizzlingViewController.h */ = {isa = PBXFileReference; lastKnownFileType = sourcecode.c.h; path = RDSwizzlingViewController.h; sourceTree = "<group>"; };
		04E6DBDA1936D10E0084FD20 /* RDSwizzlingViewController.m */ = {isa = PBXFileReference; lastKnownFileType = sourcecode.c.objc; path = RDSwizzlingViewController.m; sourceTree = "<group>"; };
		04E6DBDC1936D10E0084FD20 /* Images.xcassets */ = {isa = PBXFileReference; lastKnownFileType = folder.assetcatalog; path = Images.xcassets; sourceTree = "<group>"; };
		04E6DBFF1936FBF60084FD20 /* UIViewController+RuntimeDemo.h */ = {isa = PBXFileReference; fileEncoding = 4; lastKnownFileType = sourcecode.c.h; path = "UIViewController+RuntimeDemo.h"; sourceTree = "<group>"; };
		04E6DC001936FBF60084FD20 /* UIViewController+RuntimeDemo.m */ = {isa = PBXFileReference; fileEncoding = 4; lastKnownFileType = sourcecode.c.objc; path = "UIViewController+RuntimeDemo.m"; sourceTree = "<group>"; };
/* End PBXFileReference section */

/* Begin PBXFrameworksBuildPhase section */
		04E6DBBB1936D10D0084FD20 /* Frameworks */ = {
			isa = PBXFrameworksBuildPhase;
			buildActionMask = 2147483647;
			files = (
				04E6DBC41936D10D0084FD20 /* CoreGraphics.framework in Frameworks */,
				04E6DBC61936D10D0084FD20 /* UIKit.framework in Frameworks */,
				04E6DBC21936D10D0084FD20 /* Foundation.framework in Frameworks */,
			);
			runOnlyForDeploymentPostprocessing = 0;
		};
/* End PBXFrameworksBuildPhase section */

/* Begin PBXGroup section */
		04E6DBB51936D10D0084FD20 = {
			isa = PBXGroup;
			children = (
				04E6DBC71936D10D0084FD20 /* RuntimeDemo */,
				04E6DBC01936D10D0084FD20 /* Frameworks */,
				04E6DBBF1936D10D0084FD20 /* Products */,
			);
			sourceTree = "<group>";
		};
		04E6DBBF1936D10D0084FD20 /* Products */ = {
			isa = PBXGroup;
			children = (
				04E6DBBE1936D10D0084FD20 /* RuntimeDemo.app */,
			);
			name = Products;
			sourceTree = "<group>";
		};
		04E6DBC01936D10D0084FD20 /* Frameworks */ = {
			isa = PBXGroup;
			children = (
				04E6DBC11936D10D0084FD20 /* Foundation.framework */,
				04E6DBC31936D10D0084FD20 /* CoreGraphics.framework */,
				04E6DBC51936D10D0084FD20 /* UIKit.framework */,
			);
			name = Frameworks;
			sourceTree = "<group>";
		};
		04E6DBC71936D10D0084FD20 /* RuntimeDemo */ = {
			isa = PBXGroup;
			children = (
				04E6DBDC1936D10E0084FD20 /* Images.xcassets */,
				04E6DBD31936D10E0084FD20 /* Main.storyboard */,
				04E6DBD61936D10E0084FD20 /* RDAddPropertiesViewController.h */,
				04E6DBD71936D10E0084FD20 /* RDAddPropertiesViewController.m */,
				04E6DBD01936D10D0084FD20 /* RDAppDelegate.h */,
				04E6DBD11936D10D0084FD20 /* RDAppDelegate.m */,
				04E6DBD91936D10E0084FD20 /* RDSwizzlingViewController.h */,
				04E6DBDA1936D10E0084FD20 /* RDSwizzlingViewController.m */,
				04E6DBC81936D10D0084FD20 /* Supporting Files */,
				04E6DBFF1936FBF60084FD20 /* UIViewController+RuntimeDemo.h */,
				04E6DC001936FBF60084FD20 /* UIViewController+RuntimeDemo.m */,
			);
			path = RuntimeDemo;
			sourceTree = "<group>";
		};
		04E6DBC81936D10D0084FD20 /* Supporting Files */ = {
			isa = PBXGroup;
			children = (
				04E6DBC91936D10D0084FD20 /* RuntimeDemo-Info.plist */,
				04E6DBCA1936D10D0084FD20 /* InfoPlist.strings */,
				04E6DBCD1936D10D0084FD20 /* main.m */,
				04E6DBCF1936D10D0084FD20 /* RuntimeDemo-Prefix.pch */,
			);
			name = "Supporting Files";
			sourceTree = "<group>";
		};
/* End PBXGroup section */

/* Begin PBXNativeTarget section */
		04E6DBBD1936D10D0084FD20 /* RuntimeDemo */ = {
			isa = PBXNativeTarget;
			buildConfigurationList = 04E6DBF31936D10E0084FD20 /* Build configuration list for PBXNativeTarget "RuntimeDemo" */;
			buildPhases = (
				04E6DBBA1936D10D0084FD20 /* Sources */,
				04E6DBBB1936D10D0084FD20 /* Frameworks */,
				04E6DBBC1936D10D0084FD20 /* Resources */,
			);
			buildRules = (
			);
			dependencies = (
			);
			name = RuntimeDemo;
			productName = RuntimeDemo;
			productReference = 04E6DBBE1936D10D0084FD20 /* RuntimeDemo.app */;
			productType = "com.apple.product-type.application";
		};
/* End PBXNativeTarget section */

/* Begin PBXProject section */
		04E6DBB61936D10D0084FD20 /* Project object */ = {
			isa = PBXProject;
			attributes = {
				CLASSPREFIX = RD;
				LastUpgradeCheck = 0510;
				ORGANIZATIONNAME = "Jeremy Conkin";
			};
			buildConfigurationList = 04E6DBB91936D10D0084FD20 /* Build configuration list for PBXProject "RuntimeDemo" */;
			compatibilityVersion = "Xcode 3.2";
			developmentRegion = English;
			hasScannedForEncodings = 0;
			knownRegions = (
				en,
				Base,
			);
			mainGroup = 04E6DBB51936D10D0084FD20;
			productRefGroup = 04E6DBBF1936D10D0084FD20 /* Products */;
			projectDirPath = "";
			projectRoot = "";
			targets = (
				04E6DBBD1936D10D0084FD20 /* RuntimeDemo */,
			);
		};
/* End PBXProject section */

/* Begin PBXResourcesBuildPhase section */
		04E6DBBC1936D10D0084FD20 /* Resources */ = {
			isa = PBXResourcesBuildPhase;
			buildActionMask = 2147483647;
			files = (
				04E6DBDD1936D10E0084FD20 /* Images.xcassets in Resources */,
				04E6DBCC1936D10D0084FD20 /* InfoPlist.strings in Resources */,
				04E6DBD51936D10E0084FD20 /* Main.storyboard in Resources */,
			);
			runOnlyForDeploymentPostprocessing = 0;
		};
/* End PBXResourcesBuildPhase section */

/* Begin PBXSourcesBuildPhase section */
		04E6DBBA1936D10D0084FD20 /* Sources */ = {
			isa = PBXSourcesBuildPhase;
			buildActionMask = 2147483647;
			files = (
				04E6DBDB1936D10E0084FD20 /* RDSwizzlingViewController.m in Sources */,
				04E6DBD21936D10D0084FD20 /* RDAppDelegate.m in Sources */,
				04E6DBCE1936D10D0084FD20 /* main.m in Sources */,
				04E6DBD81936D10E0084FD20 /* RDAddPropertiesViewController.m in Sources */,
				04E6DC011936FBF60084FD20 /* UIViewController+RuntimeDemo.m in Sources */,
			);
			runOnlyForDeploymentPostprocessing = 0;
		};
/* End PBXSourcesBuildPhase section */

/* Begin PBXVariantGroup section */
		04E6DBCA1936D10D0084FD20 /* InfoPlist.strings */ = {
			isa = PBXVariantGroup;
			children = (
				04E6DBCB1936D10D0084FD20 /* en */,
			);
			name = InfoPlist.strings;
			sourceTree = "<group>";
		};
		04E6DBD31936D10E0084FD20 /* Main.storyboard */ = {
			isa = PBXVariantGroup;
			children = (
				04E6DBD41936D10E0084FD20 /* Base */,
			);
			name = Main.storyboard;
			sourceTree = "<group>";
		};
/* End PBXVariantGroup section */

/* Begin XCBuildConfiguration section */
		04E6DBF11936D10E0084FD20 /* Debug */ = {
			isa = XCBuildConfiguration;
			buildSettings = {
				ALWAYS_SEARCH_USER_PATHS = NO;
				CLANG_CXX_LANGUAGE_STANDARD = "gnu++0x";
				CLANG_CXX_LIBRARY = "libc++";
				CLANG_ENABLE_MODULES = YES;
				CLANG_ENABLE_OBJC_ARC = YES;
				CLANG_WARN_BOOL_CONVERSION = YES;
				CLANG_WARN_CONSTANT_CONVERSION = YES;
				CLANG_WARN_DIRECT_OBJC_ISA_USAGE = YES_ERROR;
				CLANG_WARN_EMPTY_BODY = YES;
				CLANG_WARN_ENUM_CONVERSION = YES;
				CLANG_WARN_INT_CONVERSION = YES;
				CLANG_WARN_OBJC_ROOT_CLASS = YES_ERROR;
				CLANG_WARN__DUPLICATE_METHOD_MATCH = YES;
				"CODE_SIGN_IDENTITY[sdk=iphoneos*]" = "iPhone Developer";
				COPY_PHASE_STRIP = NO;
				GCC_C_LANGUAGE_STANDARD = gnu99;
				GCC_DYNAMIC_NO_PIC = NO;
				GCC_OPTIMIZATION_LEVEL = 0;
				GCC_PREPROCESSOR_DEFINITIONS = (
					"DEBUG=1",
					"$(inherited)",
				);
				GCC_SYMBOLS_PRIVATE_EXTERN = NO;
				GCC_WARN_64_TO_32_BIT_CONVERSION = YES;
				GCC_WARN_ABOUT_RETURN_TYPE = YES_ERROR;
				GCC_WARN_UNDECLARED_SELECTOR = YES;
				GCC_WARN_UNINITIALIZED_AUTOS = YES_AGGRESSIVE;
				GCC_WARN_UNUSED_FUNCTION = YES;
				GCC_WARN_UNUSED_VARIABLE = YES;
				IPHONEOS_DEPLOYMENT_TARGET = 7.1;
				ONLY_ACTIVE_ARCH = YES;
				SDKROOT = iphoneos;
			};
			name = Debug;
		};
		04E6DBF21936D10E0084FD20 /* Release */ = {
			isa = XCBuildConfiguration;
			buildSettings = {
				ALWAYS_SEARCH_USER_PATHS = NO;
				CLANG_CXX_LANGUAGE_STANDARD = "gnu++0x";
				CLANG_CXX_LIBRARY = "libc++";
				CLANG_ENABLE_MODULES = YES;
				CLANG_ENABLE_OBJC_ARC = YES;
				CLANG_WARN_BOOL_CONVERSION = YES;
				CLANG_WARN_CONSTANT_CONVERSION = YES;
				CLANG_WARN_DIRECT_OBJC_ISA_USAGE = YES_ERROR;
				CLANG_WARN_EMPTY_BODY = YES;
				CLANG_WARN_ENUM_CONVERSION = YES;
				CLANG_WARN_INT_CONVERSION = YES;
				CLANG_WARN_OBJC_ROOT_CLASS = YES_ERROR;
				CLANG_WARN__DUPLICATE_METHOD_MATCH = YES;
				"CODE_SIGN_IDENTITY[sdk=iphoneos*]" = "iPhone Developer";
				COPY_PHASE_STRIP = YES;
				ENABLE_NS_ASSERTIONS = NO;
				GCC_C_LANGUAGE_STANDARD = gnu99;
				GCC_WARN_64_TO_32_BIT_CONVERSION = YES;
				GCC_WARN_ABOUT_RETURN_TYPE = YES_ERROR;
				GCC_WARN_UNDECLARED_SELECTOR = YES;
				GCC_WARN_UNINITIALIZED_AUTOS = YES_AGGRESSIVE;
				GCC_WARN_UNUSED_FUNCTION = YES;
				GCC_WARN_UNUSED_VARIABLE = YES;
				IPHONEOS_DEPLOYMENT_TARGET = 7.1;
				SDKROOT = iphoneos;
				VALIDATE_PRODUCT = YES;
			};
			name = Release;
		};
		04E6DBF41936D10E0084FD20 /* Debug */ = {
			isa = XCBuildConfiguration;
			buildSettings = {
				ASSETCATALOG_COMPILER_APPICON_NAME = AppIcon;
				ASSETCATALOG_COMPILER_LAUNCHIMAGE_NAME = LaunchImage;
				GCC_PRECOMPILE_PREFIX_HEADER = YES;
				GCC_PREFIX_HEADER = "RuntimeDemo/RuntimeDemo-Prefix.pch";
				INFOPLIST_FILE = "RuntimeDemo/RuntimeDemo-Info.plist";
				PRODUCT_NAME = "$(TARGET_NAME)";
				WRAPPER_EXTENSION = app;
			};
			name = Debug;
		};
		04E6DBF51936D10E0084FD20 /* Release */ = {
			isa = XCBuildConfiguration;
			buildSettings = {
				ASSETCATALOG_COMPILER_APPICON_NAME = AppIcon;
				ASSETCATALOG_COMPILER_LAUNCHIMAGE_NAME = LaunchImage;
				GCC_PRECOMPILE_PREFIX_HEADER = YES;
				GCC_PREFIX_HEADER = "RuntimeDemo/RuntimeDemo-Prefix.pch";
				INFOPLIST_FILE = "RuntimeDemo/RuntimeDemo-Info.plist";
				PRODUCT_NAME = "$(TARGET_NAME)";
				WRAPPER_EXTENSION = app;
			};
			name = Release;
		};
/* End XCBuildConfiguration section */

/* Begin XCConfigurationList section */
		04E6DBB91936D10D0084FD20 /* Build configuration list for PBXProject "RuntimeDemo" */ = {
			isa = XCConfigurationList;
			buildConfigurations = (
				04E6DBF11936D10E0084FD20 /* Debug */,
				04E6DBF21936D10E0084FD20 /* Release */,
			);
			defaultConfigurationIsVisible = 0;
			defaultConfigurationName = Release;
		};
		04E6DBF31936D10E0084FD20 /* Build configuration list for PBXNativeTarget "RuntimeDemo" */ = {
			isa = XCConfigurationList;
			buildConfigurations = (
				04E6DBF41936D10E0084FD20 /* Debug */,
				04E6DBF51936D10E0084FD20 /* Release */,
			);
			defaultConfigurationIsVisible = 0;
		};
/* End XCConfigurationList section */
	};
	rootObject = 04E6DBB61936D10D0084FD20 /* Project object */;
}
